lockfileVersion: '6.0'

dependencies:
  swiper:
    specifier: ^9.2.3
    version: 9.2.3

packages:

  /ssr-window@4.0.2:
    resolution: {integrity: sha512-ISv/Ch+ig7SOtw7G2+qkwfVASzazUnvlDTwypdLoPoySv+6MqlOV10VwPSE6EWkGjhW50lUmghPmpYZXMu/+AQ==}
    dev: false

  /swiper@9.2.3:
    resolution: {integrity: sha512-hxqcjIsYPP1fv+KIXPqGywl6ik8RBp0y0i9+TOIh55ca6SpZ5FrgNJ4QXPhsl6mlSBMEYPmh5zOKtZpI8zpWeQ==}
    engines: {node: '>= 4.7.0'}
    dependencies:
      ssr-window: 4.0.2
    dev: false
